
Microsoft Visual Studio Solution File, Format Version 11.00
# Visual Studio 2010
Project("{FAE04EC0-301F-11D3-BF4B-00C04F79EFBC}") = "ZillowAPI", "ZillowAPI.csproj", "{BE0FD335-9549-4034-B7D1-749933FACBAD}"
EndProject
Project("{FAE04EC0-301F-11D3-BF4B-00C04F79EFBC}") = "ZillowAPITest", "..\ZillowAPITest\ZillowAPITest.csproj", "{71DFA5E0-B4FE-446F-BCE7-4BD44C6D87E2}"
EndProject
Project("{FAE04EC0-301F-11D3-BF4B-00C04F79EFBC}") = "ZillowForm", "..\ZillowForm\ZillowForm.csproj", "{7CDD6F72-386F-4DAB-9FC9-4156716EC245}"
EndProject
Global
	GlobalSection(SolutionConfigurationPlatforms) = preSolution
		Debug|Any CPU = Debug|Any CPU
		Debug|Mixed Platforms = Debug|Mixed Platforms
		Debug|x86 = Debug|x86
		Release|Any CPU = Release|Any CPU
		Release|Mixed Platforms = Release|Mixed Platforms
		Release|x86 = Release|x86
	EndGlobalSection
	GlobalSection(ProjectConfigurationPlatforms) = postSolution
		{BE0FD335-9549-4034-B7D1-749933FACBAD}.Debug|Any CPU.ActiveCfg = Debug|x86
		{BE0FD335-9549-4034-B7D1-749933FACBAD}.Debug|Mixed Platforms.ActiveCfg = Debug|x86
		{BE0FD335-9549-4034-B7D1-749933FACBAD}.Debug|Mixed Platforms.Build.0 = Debug|x86
		{BE0FD335-9549-4034-B7D1-749933FACBAD}.Debug|x86.ActiveCfg = Debug|x86
		{BE0FD335-9549-4034-B7D1-749933FACBAD}.Debug|x86.Build.0 = Debug|x86
		{BE0FD335-9549-4034-B7D1-749933FACBAD}.Release|Any CPU.ActiveCfg = Release|x86
		{BE0FD335-9549-4034-B7D1-749933FACBAD}.Release|Mixed Platforms.ActiveCfg = Release|x86
		{BE0FD335-9549-4034-B7D1-749933FACBAD}.Release|Mixed Platforms.Build.0 = Release|x86
		{BE0FD335-9549-4034-B7D1-749933FACBAD}.Release|x86.ActiveCfg = Release|x86
		{BE0FD335-9549-4034-B7D1-749933FACBAD}.Release|x86.Build.0 = Release|x86
		{71DFA5E0-B4FE-446F-BCE7-4BD44C6D87E2}.Debug|Any CPU.ActiveCfg = Debug|Any CPU
		{71DFA5E0-B4FE-446F-BCE7-4BD44C6D87E2}.Debug|Any CPU.Build.0 = Debug|Any CPU
		{71DFA5E0-B4FE-446F-BCE7-4BD44C6D87E2}.Debug|Mixed Platforms.ActiveCfg = Debug|Any CPU
		{71DFA5E0-B4FE-446F-BCE7-4BD44C6D87E2}.Debug|Mixed Platforms.Build.0 = Debug|Any CPU
		{71DFA5E0-B4FE-446F-BCE7-4BD44C6D87E2}.Debug|x86.ActiveCfg = Debug|Any CPU
		{71DFA5E0-B4FE-446F-BCE7-4BD44C6D87E2}.Release|Any CPU.ActiveCfg = Release|Any CPU
		{71DFA5E0-B4FE-446F-BCE7-4BD44C6D87E2}.Release|Any CPU.Build.0 = Release|Any CPU
		{71DFA5E0-B4FE-446F-BCE7-4BD44C6D87E2}.Release|Mixed Platforms.ActiveCfg = Release|Any CPU
		{71DFA5E0-B4FE-446F-BCE7-4BD44C6D87E2}.Release|Mixed Platforms.Build.0 = Release|Any CPU
		{71DFA5E0-B4FE-446F-BCE7-4BD44C6D87E2}.Release|x86.ActiveCfg = Release|Any CPU
		{7CDD6F72-386F-4DAB-9FC9-4156716EC245}.Debug|Any CPU.ActiveCfg = Debug|x86
		{7CDD6F72-386F-4DAB-9FC9-4156716EC245}.Debug|Mixed Platforms.ActiveCfg = Debug|x86
		{7CDD6F72-386F-4DAB-9FC9-4156716EC245}.Debug|Mixed Platforms.Build.0 = Debug|x86
		{7CDD6F72-386F-4DAB-9FC9-4156716EC245}.Debug|x86.ActiveCfg = Debug|x86
		{7CDD6F72-386F-4DAB-9FC9-4156716EC245}.Debug|x86.Build.0 = Debug|x86
		{7CDD6F72-386F-4DAB-9FC9-4156716EC245}.Release|Any CPU.ActiveCfg = Release|x86
		{7CDD6F72-386F-4DAB-9FC9-4156716EC245}.Release|Mixed Platforms.ActiveCfg = Release|x86
		{7CDD6F72-386F-4DAB-9FC9-4156716EC245}.Release|Mixed Platforms.Build.0 = Release|x86
		{7CDD6F72-386F-4DAB-9FC9-4156716EC245}.Release|x86.ActiveCfg = Release|x86
		{7CDD6F72-386F-4DAB-9FC9-4156716EC245}.Release|x86.Build.0 = Release|x86
	EndGlobalSection
	GlobalSection(SolutionProperties) = preSolution
		HideSolutionNode = FALSE
	EndGlobalSection
EndGlobal
